
Microsoft Visual Studio Solution File, Format Version 12.00
# Visual Studio Version 16
VisualStudioVersion = 16.0.31624.102
MinimumVisualStudioVersion = 10.0.40219.1
Project("{FAE04EC0-301F-11D3-BF4B-00C04F79EFBC}") = "lab-1", "lab-1\lab-1.csproj", "{809E30BC-F8D4-4BCD-AE82-624138BD0CCF}"
EndProject
Global
	GlobalSection(SolutionConfigurationPlatforms) = preSolution
		Debug|Any CPU = Debug|Any CPU
		Release|Any CPU = Release|Any CPU
	EndGlobalSection
	GlobalSection(ProjectConfigurationPlatforms) = postSolution
		{809E30BC-F8D4-4BCD-AE82-624138BD0CCF}.Debug|Any CPU.ActiveCfg = Debug|Any CPU
		{809E30BC-F8D4-4BCD-AE82-624138BD0CCF}.Debug|Any CPU.Build.0 = Debug|Any CPU
		{809E30BC-F8D4-4BCD-AE82-624138BD0CCF}.Release|Any CPU.ActiveCfg = Release|Any CPU
		{809E30BC-F8D4-4BCD-AE82-624138BD0CCF}.Release|Any CPU.Build.0 = Release|Any CPU
	EndGlobalSection
	GlobalSection(SolutionProperties) = preSolution
		HideSolutionNode = FALSE
	EndGlobalSection
	GlobalSection(ExtensibilityGlobals) = postSolution
		SolutionGuid = {EE719B7B-E088-45AB-AA2D-CDB8B2F8049A}
	EndGlobalSection
EndGlobal
